
Microsoft Visual Studio Solution File, Format Version 12.00
# Visual Studio Version 17
VisualStudioVersion = 17.12.35521.163
MinimumVisualStudioVersion = 10.0.40219.1
Project("{FAE04EC0-301F-11D3-BF4B-00C04F79EFBC}") = "Order.API", "Order.API\Order.API.csproj", "{F59839F9-3898-44EE-823E-D40293529F9E}"
EndProject
Project("{FAE04EC0-301F-11D3-BF4B-00C04F79EFBC}") = "MicroserviceDesignPatterns.AppHost", "MicroserviceDesignPatterns.AppHost\MicroserviceDesignPatterns.AppHost.csproj", "{E20082F0-FCEB-4791-BAF2-A482EB109293}"
EndProject
Project("{FAE04EC0-301F-11D3-BF4B-00C04F79EFBC}") = "MicroserviceDesignPatterns.ServiceDefaults", "MicroserviceDesignPatterns.ServiceDefaults\MicroserviceDesignPatterns.ServiceDefaults.csproj", "{E1D5EEF1-80D6-4F4B-86D4-14F25D6B6AE9}"
EndProject
Project("{FAE04EC0-301F-11D3-BF4B-00C04F79EFBC}") = "Stock.API", "Stock.API\Stock.API.csproj", "{CE6067D6-4051-420B-B2EC-7D7D664FB1A6}"
EndProject
Project("{FAE04EC0-301F-11D3-BF4B-00C04F79EFBC}") = "Payment.API", "Payment.API\Payment.API.csproj", "{8D9F85AA-0439-488C-86E4-7F6DC6C91B07}"
EndProject
Project("{FAE04EC0-301F-11D3-BF4B-00C04F79EFBC}") = "Shared", "Shared\Shared.csproj", "{FF7D4467-584E-4846-A21F-B0EBA5833E9F}"
EndProject
Project("{FAE04EC0-301F-11D3-BF4B-00C04F79EFBC}") = "SagaStateMachineWorkerService", "SagaStateMachineWorkerService\SagaStateMachineWorkerService.csproj", "{DDB6DAE7-605C-4170-9D86-C5A617A00B24}"
EndProject
Global
	GlobalSection(SolutionConfigurationPlatforms) = preSolution
		Debug|Any CPU = Debug|Any CPU
		Release|Any CPU = Release|Any CPU
	EndGlobalSection
	GlobalSection(ProjectConfigurationPlatforms) = postSolution
		{F59839F9-3898-44EE-823E-D40293529F9E}.Debug|Any CPU.ActiveCfg = Debug|Any CPU
		{F59839F9-3898-44EE-823E-D40293529F9E}.Debug|Any CPU.Build.0 = Debug|Any CPU
		{F59839F9-3898-44EE-823E-D40293529F9E}.Release|Any CPU.ActiveCfg = Release|Any CPU
		{F59839F9-3898-44EE-823E-D40293529F9E}.Release|Any CPU.Build.0 = Release|Any CPU
		{E20082F0-FCEB-4791-BAF2-A482EB109293}.Debug|Any CPU.ActiveCfg = Debug|Any CPU
		{E20082F0-FCEB-4791-BAF2-A482EB109293}.Debug|Any CPU.Build.0 = Debug|Any CPU
		{E20082F0-FCEB-4791-BAF2-A482EB109293}.Release|Any CPU.ActiveCfg = Release|Any CPU
		{E20082F0-FCEB-4791-BAF2-A482EB109293}.Release|Any CPU.Build.0 = Release|Any CPU
		{E1D5EEF1-80D6-4F4B-86D4-14F25D6B6AE9}.Debug|Any CPU.ActiveCfg = Debug|Any CPU
		{E1D5EEF1-80D6-4F4B-86D4-14F25D6B6AE9}.Debug|Any CPU.Build.0 = Debug|Any CPU
		{E1D5EEF1-80D6-4F4B-86D4-14F25D6B6AE9}.Release|Any CPU.ActiveCfg = Release|Any CPU
		{E1D5EEF1-80D6-4F4B-86D4-14F25D6B6AE9}.Release|Any CPU.Build.0 = Release|Any CPU
		{CE6067D6-4051-420B-B2EC-7D7D664FB1A6}.Debug|Any CPU.ActiveCfg = Debug|Any CPU
		{CE6067D6-4051-420B-B2EC-7D7D664FB1A6}.Debug|Any CPU.Build.0 = Debug|Any CPU
		{CE6067D6-4051-420B-B2EC-7D7D664FB1A6}.Release|Any CPU.ActiveCfg = Release|Any CPU
		{CE6067D6-4051-420B-B2EC-7D7D664FB1A6}.Release|Any CPU.Build.0 = Release|Any CPU
		{8D9F85AA-0439-488C-86E4-7F6DC6C91B07}.Debug|Any CPU.ActiveCfg = Debug|Any CPU
		{8D9F85AA-0439-488C-86E4-7F6DC6C91B07}.Debug|Any CPU.Build.0 = Debug|Any CPU
		{8D9F85AA-0439-488C-86E4-7F6DC6C91B07}.Release|Any CPU.ActiveCfg = Release|Any CPU
		{8D9F85AA-0439-488C-86E4-7F6DC6C91B07}.Release|Any CPU.Build.0 = Release|Any CPU
		{FF7D4467-584E-4846-A21F-B0EBA5833E9F}.Debug|Any CPU.ActiveCfg = Debug|Any CPU
		{FF7D4467-584E-4846-A21F-B0EBA5833E9F}.Debug|Any CPU.Build.0 = Debug|Any CPU
		{FF7D4467-584E-4846-A21F-B0EBA5833E9F}.Release|Any CPU.ActiveCfg = Release|Any CPU
		{FF7D4467-584E-4846-A21F-B0EBA5833E9F}.Release|Any CPU.Build.0 = Release|Any CPU
		{DDB6DAE7-605C-4170-9D86-C5A617A00B24}.Debug|Any CPU.ActiveCfg = Debug|Any CPU
		{DDB6DAE7-605C-4170-9D86-C5A617A00B24}.Debug|Any CPU.Build.0 = Debug|Any CPU
		{DDB6DAE7-605C-4170-9D86-C5A617A00B24}.Release|Any CPU.ActiveCfg = Release|Any CPU
		{DDB6DAE7-605C-4170-9D86-C5A617A00B24}.Release|Any CPU.Build.0 = Release|Any CPU
	EndGlobalSection
	GlobalSection(SolutionProperties) = preSolution
		HideSolutionNode = FALSE
	EndGlobalSection
EndGlobal
